// !$*UTF8*$!
{
	archiveVersion = 1;
	classes = {
	};
	objectVersion = 48;
	objects = {

/* Begin PBXBuildFile section */
		250B31862073C23200707AEB /* Assets.xcassets in Resources */ = {isa = PBXBuildFile; fileRef = 250B31852073C23200707AEB /* Assets.xcassets */; };
		252D4E4D2074F34600603865 /* PlaceMapboxServices.swift in Sources */ = {isa = PBXBuildFile; fileRef = 252D4E4C2074F34600603865 /* PlaceMapboxServices.swift */; };
		252D4E502074F45100603865 /* PlaceUserDefaultStorage.swift in Sources */ = {isa = PBXBuildFile; fileRef = 252D4E4F2074F45100603865 /* PlaceUserDefaultStorage.swift */; };
		252D4E582075071B00603865 /* LocateMeTests.swift in Sources */ = {isa = PBXBuildFile; fileRef = 252D4E572075071B00603865 /* LocateMeTests.swift */; };
		252D4E60207509A400603865 /* MapViewContainer.swift in Sources */ = {isa = PBXBuildFile; fileRef = 252D4E5F207509A400603865 /* MapViewContainer.swift */; };
		252D4E6220750AAB00603865 /* MapboxContainer.swift in Sources */ = {isa = PBXBuildFile; fileRef = 252D4E6120750AAB00603865 /* MapboxContainer.swift */; };
		252D4E6520751BEC00603865 /* PlaceTests.swift in Sources */ = {isa = PBXBuildFile; fileRef = 252D4E6420751BEC00603865 /* PlaceTests.swift */; };
		252D4E6620751DFC00603865 /* Place.swift in Sources */ = {isa = PBXBuildFile; fileRef = 25A2BF892073DB5600ADE45F /* Place.swift */; };
		2569B3452073996600B70A5E /* AppDelegate.swift in Sources */ = {isa = PBXBuildFile; fileRef = 2569B3442073996600B70A5E /* AppDelegate.swift */; };
		2569B3472073996600B70A5E /* MapViewController.swift in Sources */ = {isa = PBXBuildFile; fileRef = 2569B3462073996600B70A5E /* MapViewController.swift */; };
		2569B34A2073996600B70A5E /* Main.storyboard in Resources */ = {isa = PBXBuildFile; fileRef = 2569B3482073996600B70A5E /* Main.storyboard */; };
		2569B34F2073996600B70A5E /* LaunchScreen.storyboard in Resources */ = {isa = PBXBuildFile; fileRef = 2569B34D2073996600B70A5E /* LaunchScreen.storyboard */; };
		25A2BF862073D69B00ADE45F /* PlaceTableViewCell.swift in Sources */ = {isa = PBXBuildFile; fileRef = 25A2BF852073D69B00ADE45F /* PlaceTableViewCell.swift */; };
		25A2BF882073DA0500ADE45F /* PlaceManager.swift in Sources */ = {isa = PBXBuildFile; fileRef = 25A2BF872073DA0500ADE45F /* PlaceManager.swift */; };
		25A2BF8A2073DB5600ADE45F /* Place.swift in Sources */ = {isa = PBXBuildFile; fileRef = 25A2BF892073DB5600ADE45F /* Place.swift */; };
		25A2BF8C2073DE2100ADE45F /* DataManager.swift in Sources */ = {isa = PBXBuildFile; fileRef = 25A2BF8B2073DE2100ADE45F /* DataManager.swift */; };
		25A2BF8E2074DB1500ADE45F /* Constants.swift in Sources */ = {isa = PBXBuildFile; fileRef = 25A2BF8D2074DB1500ADE45F /* Constants.swift */; };
		B75D6A7CFE74D7FB194C1B92 /* Pods_LocateMe.framework in Frameworks */ = {isa = PBXBuildFile; fileRef = 98A3A01EA3B03C234D02AA17 /* Pods_LocateMe.framework */; };
/* End PBXBuildFile section */

/* Begin PBXContainerItemProxy section */
		252D4E5A2075071B00603865 /* PBXContainerItemProxy */ = {
			isa = PBXContainerItemProxy;
			containerPortal = 2569B3392073996600B70A5E /* Project object */;
			proxyType = 1;
			remoteGlobalIDString = 2569B3402073996600B70A5E;
			remoteInfo = LocateMe;
		};
/* End PBXContainerItemProxy section */

/* Begin PBXFileReference section */
		01DF029AD5EA336D5D131AAE /* Pods-LocateMe.release.xcconfig */ = {isa = PBXFileReference; includeInIndex = 1; lastKnownFileType = text.xcconfig; name = "Pods-LocateMe.release.xcconfig"; path = "Pods/Target Support Files/Pods-LocateMe/Pods-LocateMe.release.xcconfig"; sourceTree = "<group>"; };
		250B31852073C23200707AEB /* Assets.xcassets */ = {isa = PBXFileReference; lastKnownFileType = folder.assetcatalog; path = Assets.xcassets; sourceTree = "<group>"; };
		252D4E4C2074F34600603865 /* PlaceMapboxServices.swift */ = {isa = PBXFileReference; lastKnownFileType = sourcecode.swift; path = PlaceMapboxServices.swift; sourceTree = "<group>"; };
		252D4E4F2074F45100603865 /* PlaceUserDefaultStorage.swift */ = {isa = PBXFileReference; lastKnownFileType = sourcecode.swift; path = PlaceUserDefaultStorage.swift; sourceTree = "<group>"; };
		252D4E552075071A00603865 /* LocateMeTests.xctest */ = {isa = PBXFileReference; explicitFileType = wrapper.cfbundle; includeInIndex = 0; path = LocateMeTests.xctest; sourceTree = BUILT_PRODUCTS_DIR; };
		252D4E572075071B00603865 /* LocateMeTests.swift */ = {isa = PBXFileReference; lastKnownFileType = sourcecode.swift; path = LocateMeTests.swift; sourceTree = "<group>"; };
		252D4E592075071B00603865 /* Info.plist */ = {isa = PBXFileReference; lastKnownFileType = text.plist.xml; path = Info.plist; sourceTree = "<group>"; };
		252D4E5F207509A400603865 /* MapViewContainer.swift */ = {isa = PBXFileReference; lastKnownFileType = sourcecode.swift; path = MapViewContainer.swift; sourceTree = "<group>"; };
		252D4E6120750AAB00603865 /* MapboxContainer.swift */ = {isa = PBXFileReference; lastKnownFileType = sourcecode.swift; path = MapboxContainer.swift; sourceTree = "<group>"; };
		252D4E6420751BEC00603865 /* PlaceTests.swift */ = {isa = PBXFileReference; lastKnownFileType = sourcecode.swift; path = PlaceTests.swift; sourceTree = "<group>"; };
		2569B3412073996600B70A5E /* LocateMe.app */ = {isa = PBXFileReference; explicitFileType = wrapper.application; includeInIndex = 0; path = LocateMe.app; sourceTree = BUILT_PRODUCTS_DIR; };
		2569B3442073996600B70A5E /* AppDelegate.swift */ = {isa = PBXFileReference; lastKnownFileType = sourcecode.swift; path = AppDelegate.swift; sourceTree = "<group>"; };
		2569B3462073996600B70A5E /* MapViewController.swift */ = {isa = PBXFileReference; lastKnownFileType = sourcecode.swift; path = MapViewController.swift; sourceTree = "<group>"; };
		2569B3492073996600B70A5E /* Base */ = {isa = PBXFileReference; lastKnownFileType = file.storyboard; name = Base; path = Base.lproj/Main.storyboard; sourceTree = "<group>"; };
		2569B34E2073996600B70A5E /* Base */ = {isa = PBXFileReference; lastKnownFileType = file.storyboard; name = Base; path = Base.lproj/LaunchScreen.storyboard; sourceTree = "<group>"; };
		2569B3502073996600B70A5E /* Info.plist */ = {isa = PBXFileReference; lastKnownFileType = text.plist.xml; path = Info.plist; sourceTree = "<group>"; };
		25A2BF852073D69B00ADE45F /* PlaceTableViewCell.swift */ = {isa = PBXFileReference; lastKnownFileType = sourcecode.swift; path = PlaceTableViewCell.swift; sourceTree = "<group>"; };
		25A2BF872073DA0500ADE45F /* PlaceManager.swift */ = {isa = PBXFileReference; lastKnownFileType = sourcecode.swift; path = PlaceManager.swift; sourceTree = "<group>"; };
		25A2BF892073DB5600ADE45F /* Place.swift */ = {isa = PBXFileReference; lastKnownFileType = sourcecode.swift; path = Place.swift; sourceTree = "<group>"; };
		25A2BF8B2073DE2100ADE45F /* DataManager.swift */ = {isa = PBXFileReference; lastKnownFileType = sourcecode.swift; path = DataManager.swift; sourceTree = "<group>"; };
		25A2BF8D2074DB1500ADE45F /* Constants.swift */ = {isa = PBXFileReference; lastKnownFileType = sourcecode.swift; path = Constants.swift; sourceTree = "<group>"; };
		2E437FBA6D0C5AB2484528FF /* Pods-LocateMe.debug.xcconfig */ = {isa = PBXFileReference; includeInIndex = 1; lastKnownFileType = text.xcconfig; name = "Pods-LocateMe.debug.xcconfig"; path = "Pods/Target Support Files/Pods-LocateMe/Pods-LocateMe.debug.xcconfig"; sourceTree = "<group>"; };
		98A3A01EA3B03C234D02AA17 /* Pods_LocateMe.framework */ = {isa = PBXFileReference; explicitFileType = wrapper.framework; includeInIndex = 0; path = Pods_LocateMe.framework; sourceTree = BUILT_PRODUCTS_DIR; };
/* End PBXFileReference section */

/* Begin PBXFrameworksBuildPhase section */
		252D4E522075071A00603865 /* Frameworks */ = {
			isa = PBXFrameworksBuildPhase;
			buildActionMask = 2147483647;
			files = (
			);
			runOnlyForDeploymentPostprocessing = 0;
		};
		2569B33E2073996600B70A5E /* Frameworks */ = {
			isa = PBXFrameworksBuildPhase;
			buildActionMask = 2147483647;
			files = (
				B75D6A7CFE74D7FB194C1B92 /* Pods_LocateMe.framework in Frameworks */,
			);
			runOnlyForDeploymentPostprocessing = 0;
		};
/* End PBXFrameworksBuildPhase section */

/* Begin PBXGroup section */
		252D4E482074F0F400603865 /* DataManager */ = {
			isa = PBXGroup;
			children = (
				252D4E4E2074F44300603865 /* Storage */,
				252D4E4B2074F31C00603865 /* Services */,
				25A2BF8B2073DE2100ADE45F /* DataManager.swift */,
				25A2BF872073DA0500ADE45F /* PlaceManager.swift */,
				252D4E492074F10100603865 /* Models */,
			);
			path = DataManager;
			sourceTree = "<group>";
		};
		252D4E492074F10100603865 /* Models */ = {
			isa = PBXGroup;
			children = (
				25A2BF892073DB5600ADE45F /* Place.swift */,
			);
			path = Models;
			sourceTree = "<group>";
		};
		252D4E4A2074F11800603865 /* ViewControllers */ = {
			isa = PBXGroup;
			children = (
				2569B3462073996600B70A5E /* MapViewController.swift */,
				252D4E5F207509A400603865 /* MapViewContainer.swift */,
				25A2BF852073D69B00ADE45F /* PlaceTableViewCell.swift */,
				252D4E6320750BEE00603865 /* Mapbox */,
				2569B3482073996600B70A5E /* Main.storyboard */,
			);
			path = ViewControllers;
			sourceTree = "<group>";
		};
		252D4E4B2074F31C00603865 /* Services */ = {
			isa = PBXGroup;
			children = (
				252D4E4C2074F34600603865 /* PlaceMapboxServices.swift */,
			);
			path = Services;
			sourceTree = "<group>";
		};
		252D4E4E2074F44300603865 /* Storage */ = {
			isa = PBXGroup;
			children = (
				252D4E4F2074F45100603865 /* PlaceUserDefaultStorage.swift */,
			);
			path = Storage;
			sourceTree = "<group>";
		};
		252D4E562075071B00603865 /* LocateMeTests */ = {
			isa = PBXGroup;
			children = (
				252D4E572075071B00603865 /* LocateMeTests.swift */,
				252D4E6420751BEC00603865 /* PlaceTests.swift */,
				252D4E592075071B00603865 /* Info.plist */,
			);
			path = LocateMeTests;
			sourceTree = "<group>";
		};
		252D4E6320750BEE00603865 /* Mapbox */ = {
			isa = PBXGroup;
			children = (
				252D4E6120750AAB00603865 /* MapboxContainer.swift */,
			);
			path = Mapbox;
			sourceTree = "<group>";
		};
		2569B3382073996600B70A5E = {
			isa = PBXGroup;
			children = (
				2569B3432073996600B70A5E /* LocateMe */,
				252D4E562075071B00603865 /* LocateMeTests */,
				2569B3422073996600B70A5E /* Products */,
				9BAB723A19FF1A161837517D /* Pods */,
				8742DF3863CEA831EF220AE0 /* Frameworks */,
			);
			sourceTree = "<group>";
		};
		2569B3422073996600B70A5E /* Products */ = {
			isa = PBXGroup;
			children = (
				2569B3412073996600B70A5E /* LocateMe.app */,
				252D4E552075071A00603865 /* LocateMeTests.xctest */,
			);
			name = Products;
			sourceTree = "<group>";
		};
		2569B3432073996600B70A5E /* LocateMe */ = {
			isa = PBXGroup;
			children = (
				25A2BF8D2074DB1500ADE45F /* Constants.swift */,
				2569B3442073996600B70A5E /* AppDelegate.swift */,
				252D4E482074F0F400603865 /* DataManager */,
				252D4E4A2074F11800603865 /* ViewControllers */,
				2569B34D2073996600B70A5E /* LaunchScreen.storyboard */,
				250B31852073C23200707AEB /* Assets.xcassets */,
				2569B3502073996600B70A5E /* Info.plist */,
			);
			path = LocateMe;
			sourceTree = "<group>";
		};
		8742DF3863CEA831EF220AE0 /* Frameworks */ = {
			isa = PBXGroup;
			children = (
				98A3A01EA3B03C234D02AA17 /* Pods_LocateMe.framework */,
			);
			name = Frameworks;
			sourceTree = "<group>";
		};
		9BAB723A19FF1A161837517D /* Pods */ = {
			isa = PBXGroup;
			children = (
				2E437FBA6D0C5AB2484528FF /* Pods-LocateMe.debug.xcconfig */,
				01DF029AD5EA336D5D131AAE /* Pods-LocateMe.release.xcconfig */,
			);
			name = Pods;
			sourceTree = "<group>";
		};
/* End PBXGroup section */

/* Begin PBXNativeTarget section */
		252D4E542075071A00603865 /* LocateMeTests */ = {
			isa = PBXNativeTarget;
			buildConfigurationList = 252D4E5C2075071B00603865 /* Build configuration list for PBXNativeTarget "LocateMeTests" */;
			buildPhases = (
				252D4E512075071A00603865 /* Sources */,
				252D4E522075071A00603865 /* Frameworks */,
				252D4E532075071A00603865 /* Resources */,
			);
			buildRules = (
			);
			dependencies = (
				252D4E5B2075071B00603865 /* PBXTargetDependency */,
			);
			name = LocateMeTests;
			productName = LocateMeTests;
			productReference = 252D4E552075071A00603865 /* LocateMeTests.xctest */;
			productType = "com.apple.product-type.bundle.unit-test";
		};
		2569B3402073996600B70A5E /* LocateMe */ = {
			isa = PBXNativeTarget;
			buildConfigurationList = 2569B3532073996600B70A5E /* Build configuration list for PBXNativeTarget "LocateMe" */;
			buildPhases = (
				27A873546AB535ED7F795AAC /* [CP] Check Pods Manifest.lock */,
				2569B33D2073996600B70A5E /* Sources */,
				2569B33E2073996600B70A5E /* Frameworks */,
				2569B33F2073996600B70A5E /* Resources */,
				909470F6666ECAB40216E7C8 /* [CP] Embed Pods Frameworks */,
				3E570ACBCBAA3326AAFB04B9 /* [CP] Copy Pods Resources */,
			);
			buildRules = (
			);
			dependencies = (
			);
			name = LocateMe;
			productName = LocateMe;
			productReference = 2569B3412073996600B70A5E /* LocateMe.app */;
			productType = "com.apple.product-type.application";
		};
/* End PBXNativeTarget section */

/* Begin PBXProject section */
		2569B3392073996600B70A5E /* Project object */ = {
			isa = PBXProject;
			attributes = {
				LastSwiftUpdateCheck = 0930;
				LastUpgradeCheck = 0930;
				ORGANIZATIONNAME = "David Fafinski";
				TargetAttributes = {
					252D4E542075071A00603865 = {
						CreatedOnToolsVersion = 9.3;
						ProvisioningStyle = Automatic;
						TestTargetID = 2569B3402073996600B70A5E;
					};
					2569B3402073996600B70A5E = {
						CreatedOnToolsVersion = 9.2;
						ProvisioningStyle = Automatic;
					};
				};
			};
			buildConfigurationList = 2569B33C2073996600B70A5E /* Build configuration list for PBXProject "LocateMe" */;
			compatibilityVersion = "Xcode 8.0";
			developmentRegion = en;
			hasScannedForEncodings = 0;
			knownRegions = (
				en,
				Base,
			);
			mainGroup = 2569B3382073996600B70A5E;
			productRefGroup = 2569B3422073996600B70A5E /* Products */;
			projectDirPath = "";
			projectRoot = "";
			targets = (
				2569B3402073996600B70A5E /* LocateMe */,
				252D4E542075071A00603865 /* LocateMeTests */,
			);
		};
/* End PBXProject section */

/* Begin PBXResourcesBuildPhase section */
		252D4E532075071A00603865 /* Resources */ = {
			isa = PBXResourcesBuildPhase;
			buildActionMask = 2147483647;
			files = (
			);
			runOnlyForDeploymentPostprocessing = 0;
		};
		2569B33F2073996600B70A5E /* Resources */ = {
			isa = PBXResourcesBuildPhase;
			buildActionMask = 2147483647;
			files = (
				2569B34F2073996600B70A5E /* LaunchScreen.storyboard in Resources */,
				250B31862073C23200707AEB /* Assets.xcassets in Resources */,
				2569B34A2073996600B70A5E /* Main.storyboard in Resources */,
			);
			runOnlyForDeploymentPostprocessing = 0;
		};
/* End PBXResourcesBuildPhase section */

/* Begin PBXShellScriptBuildPhase section */
		27A873546AB535ED7F795AAC /* [CP] Check Pods Manifest.lock */ = {
			isa = PBXShellScriptBuildPhase;
			buildActionMask = 2147483647;
			files = (
			);
			inputPaths = (
				"${PODS_PODFILE_DIR_PATH}/Podfile.lock",
				"${PODS_ROOT}/Manifest.lock",
			);
			name = "[CP] Check Pods Manifest.lock";
			outputPaths = (
				"$(DERIVED_FILE_DIR)/Pods-LocateMe-checkManifestLockResult.txt",
			);
			runOnlyForDeploymentPostprocessing = 0;
			shellPath = /bin/sh;
			shellScript = "diff \"${PODS_PODFILE_DIR_PATH}/Podfile.lock\" \"${PODS_ROOT}/Manifest.lock\" > /dev/null\nif [ $? != 0 ] ; then\n    # print error to STDERR\n    echo \"error: The sandbox is not in sync with the Podfile.lock. Run 'pod install' or update your CocoaPods installation.\" >&2\n    exit 1\nfi\n# This output is used by Xcode 'outputs' to avoid re-running this script phase.\necho \"SUCCESS\" > \"${SCRIPT_OUTPUT_FILE_0}\"\n";
			showEnvVarsInLog = 0;
		};
		3E570ACBCBAA3326AAFB04B9 /* [CP] Copy Pods Resources */ = {
			isa = PBXShellScriptBuildPhase;
			buildActionMask = 2147483647;
			files = (
			);
			inputPaths = (
			);
			name = "[CP] Copy Pods Resources";
			outputPaths = (
			);
			runOnlyForDeploymentPostprocessing = 0;
			shellPath = /bin/sh;
			shellScript = "\"${SRCROOT}/Pods/Target Support Files/Pods-LocateMe/Pods-LocateMe-resources.sh\"\n";
			showEnvVarsInLog = 0;
		};
		909470F6666ECAB40216E7C8 /* [CP] Embed Pods Frameworks */ = {
			isa = PBXShellScriptBuildPhase;
			buildActionMask = 2147483647;
			files = (
			);
			inputPaths = (
				"${SRCROOT}/Pods/Target Support Files/Pods-LocateMe/Pods-LocateMe-frameworks.sh",
				"${PODS_ROOT}/Mapbox-iOS-SDK/dynamic/Mapbox.framework",
				"${PODS_ROOT}/Mapbox-iOS-SDK/dynamic/Mapbox.framework.dSYM",
				"${BUILT_PRODUCTS_DIR}/MapboxGeocoder.swift/MapboxGeocoder.framework",
			);
			name = "[CP] Embed Pods Frameworks";
			outputPaths = (
				"${TARGET_BUILD_DIR}/${FRAMEWORKS_FOLDER_PATH}/Mapbox.framework",
				"${DWARF_DSYM_FOLDER_PATH}/Mapbox.framework.dSYM",
				"${TARGET_BUILD_DIR}/${FRAMEWORKS_FOLDER_PATH}/MapboxGeocoder.framework",
			);
			runOnlyForDeploymentPostprocessing = 0;
			shellPath = /bin/sh;
			shellScript = "\"${SRCROOT}/Pods/Target Support Files/Pods-LocateMe/Pods-LocateMe-frameworks.sh\"\n";
			showEnvVarsInLog = 0;
		};
/* End PBXShellScriptBuildPhase section */

/* Begin PBXSourcesBuildPhase section */
		252D4E512075071A00603865 /* Sources */ = {
			isa = PBXSourcesBuildPhase;
			buildActionMask = 2147483647;
			files = (
				252D4E6620751DFC00603865 /* Place.swift in Sources */,
				252D4E582075071B00603865 /* LocateMeTests.swift in Sources */,
				252D4E6520751BEC00603865 /* PlaceTests.swift in Sources */,
			);
			runOnlyForDeploymentPostprocessing = 0;
		};
		2569B33D2073996600B70A5E /* Sources */ = {
			isa = PBXSourcesBuildPhase;
			buildActionMask = 2147483647;
			files = (
				2569B3472073996600B70A5E /* MapViewController.swift in Sources */,
				252D4E6220750AAB00603865 /* MapboxContainer.swift in Sources */,
				25A2BF8C2073DE2100ADE45F /* DataManager.swift in Sources */,
				25A2BF882073DA0500ADE45F /* PlaceManager.swift in Sources */,
				2569B3452073996600B70A5E /* AppDelegate.swift in Sources */,
				252D4E4D2074F34600603865 /* PlaceMapboxServices.swift in Sources */,
				252D4E60207509A400603865 /* MapViewContainer.swift in Sources */,
				252D4E502074F45100603865 /* PlaceUserDefaultStorage.swift in Sources */,
				25A2BF8E2074DB1500ADE45F /* Constants.swift in Sources */,
				25A2BF862073D69B00ADE45F /* PlaceTableViewCell.swift in Sources */,
				25A2BF8A2073DB5600ADE45F /* Place.swift in Sources */,
			);
			runOnlyForDeploymentPostprocessing = 0;
		};
/* End PBXSourcesBuildPhase section */

/* Begin PBXTargetDependency section */
		252D4E5B2075071B00603865 /* PBXTargetDependency */ = {
			isa = PBXTargetDependency;
			target = 2569B3402073996600B70A5E /* LocateMe */;
			targetProxy = 252D4E5A2075071B00603865 /* PBXContainerItemProxy */;
		};
/* End PBXTargetDependency section */

/* Begin PBXVariantGroup section */
		2569B3482073996600B70A5E /* Main.storyboard */ = {
			isa = PBXVariantGroup;
			children = (
				2569B3492073996600B70A5E /* Base */,
			);
			name = Main.storyboard;
			sourceTree = "<group>";
		};
		2569B34D2073996600B70A5E /* LaunchScreen.storyboard */ = {
			isa = PBXVariantGroup;
			children = (
				2569B34E2073996600B70A5E /* Base */,
			);
			name = LaunchScreen.storyboard;
			sourceTree = "<group>";
		};
/* End PBXVariantGroup section */

/* Begin XCBuildConfiguration section */
		252D4E5D2075071B00603865 /* Debug */ = {
			isa = XCBuildConfiguration;
			buildSettings = {
				BUNDLE_LOADER = "$(TEST_HOST)";
				CLANG_ENABLE_OBJC_WEAK = YES;
				CODE_SIGN_STYLE = Automatic;
				DEVELOPMENT_TEAM = 7Q3BACUGPF;
				INFOPLIST_FILE = LocateMeTests/Info.plist;
				IPHONEOS_DEPLOYMENT_TARGET = 11.3;
				LD_RUNPATH_SEARCH_PATHS = "$(inherited) @executable_path/Frameworks @loader_path/Frameworks";
				PRODUCT_BUNDLE_IDENTIFIER = ineat.LocateMeTests;
				PRODUCT_NAME = "$(TARGET_NAME)";
				SWIFT_VERSION = 4.0;
				TARGETED_DEVICE_FAMILY = "1,2";
				TEST_HOST = "$(BUILT_PRODUCTS_DIR)/LocateMe.app/LocateMe";
			};
			name = Debug;
		};
		252D4E5E2075071B00603865 /* Release */ = {
			isa = XCBuildConfiguration;
			buildSettings = {
				BUNDLE_LOADER = "$(TEST_HOST)";
				CLANG_ENABLE_OBJC_WEAK = YES;
				CODE_SIGN_STYLE = Automatic;
				DEVELOPMENT_TEAM = 7Q3BACUGPF;
				INFOPLIST_FILE = LocateMeTests/Info.plist;
				IPHONEOS_DEPLOYMENT_TARGET = 11.3;
				LD_RUNPATH_SEARCH_PATHS = "$(inherited) @executable_path/Frameworks @loader_path/Frameworks";
				PRODUCT_BUNDLE_IDENTIFIER = ineat.LocateMeTests;
				PRODUCT_NAME = "$(TARGET_NAME)";
				SWIFT_VERSION = 4.0;
				TARGETED_DEVICE_FAMILY = "1,2";
				TEST_HOST = "$(BUILT_PRODUCTS_DIR)/LocateMe.app/LocateMe";
			};
			name = Release;
		};
		2569B3512073996600B70A5E /* Debug */ = {
			isa = XCBuildConfiguration;
			buildSettings = {
				ALWAYS_SEARCH_USER_PATHS = NO;
				CLANG_ANALYZER_NONNULL = YES;
				CLANG_ANALYZER_NUMBER_OBJECT_CONVERSION = YES_AGGRESSIVE;
				CLANG_CXX_LANGUAGE_STANDARD = "gnu++14";
				CLANG_CXX_LIBRARY = "libc++";
				CLANG_ENABLE_MODULES = YES;
				CLANG_ENABLE_OBJC_ARC = YES;
				CLANG_WARN_BLOCK_CAPTURE_AUTORELEASING = YES;
				CLANG_WARN_BOOL_CONVERSION = YES;
				CLANG_WARN_COMMA = YES;
				CLANG_WARN_CONSTANT_CONVERSION = YES;
				CLANG_WARN_DEPRECATED_OBJC_IMPLEMENTATIONS = YES;
				CLANG_WARN_DIRECT_OBJC_ISA_USAGE = YES_ERROR;
				CLANG_WARN_DOCUMENTATION_COMMENTS = YES;
				CLANG_WARN_EMPTY_BODY = YES;
				CLANG_WARN_ENUM_CONVERSION = YES;
				CLANG_WARN_INFINITE_RECURSION = YES;
				CLANG_WARN_INT_CONVERSION = YES;
				CLANG_WARN_NON_LITERAL_NULL_CONVERSION = YES;
				CLANG_WARN_OBJC_IMPLICIT_RETAIN_SELF = YES;
				CLANG_WARN_OBJC_LITERAL_CONVERSION = YES;
				CLANG_WARN_OBJC_ROOT_CLASS = YES_ERROR;
				CLANG_WARN_RANGE_LOOP_ANALYSIS = YES;
				CLANG_WARN_STRICT_PROTOTYPES = YES;
				CLANG_WARN_SUSPICIOUS_MOVE = YES;
				CLANG_WARN_UNGUARDED_AVAILABILITY = YES_AGGRESSIVE;
				CLANG_WARN_UNREACHABLE_CODE = YES;
				CLANG_WARN__DUPLICATE_METHOD_MATCH = YES;
				CODE_SIGN_IDENTITY = "iPhone Developer";
				COPY_PHASE_STRIP = NO;
				DEBUG_INFORMATION_FORMAT = dwarf;
				ENABLE_STRICT_OBJC_MSGSEND = YES;
				ENABLE_TESTABILITY = YES;
				GCC_C_LANGUAGE_STANDARD = gnu11;
				GCC_DYNAMIC_NO_PIC = NO;
				GCC_NO_COMMON_BLOCKS = YES;
				GCC_OPTIMIZATION_LEVEL = 0;
				GCC_PREPROCESSOR_DEFINITIONS = (
					"DEBUG=1",
					"$(inherited)",
				);
				GCC_WARN_64_TO_32_BIT_CONVERSION = YES;
				GCC_WARN_ABOUT_RETURN_TYPE = YES_ERROR;
				GCC_WARN_UNDECLARED_SELECTOR = YES;
				GCC_WARN_UNINITIALIZED_AUTOS = YES_AGGRESSIVE;
				GCC_WARN_UNUSED_FUNCTION = YES;
				GCC_WARN_UNUSED_VARIABLE = YES;
				IPHONEOS_DEPLOYMENT_TARGET = 11.2;
				MTL_ENABLE_DEBUG_INFO = YES;
				ONLY_ACTIVE_ARCH = YES;
				SDKROOT = iphoneos;
				SWIFT_ACTIVE_COMPILATION_CONDITIONS = DEBUG;
				SWIFT_OPTIMIZATION_LEVEL = "-Onone";
			};
			name = Debug;
		};
		2569B3522073996600B70A5E /* Release */ = {
			isa = XCBuildConfiguration;
			buildSettings = {
				ALWAYS_SEARCH_USER_PATHS = NO;
				CLANG_ANALYZER_NONNULL = YES;
				CLANG_ANALYZER_NUMBER_OBJECT_CONVERSION = YES_AGGRESSIVE;
				CLANG_CXX_LANGUAGE_STANDARD = "gnu++14";
				CLANG_CXX_LIBRARY = "libc++";
				CLANG_ENABLE_MODULES = YES;
				CLANG_ENABLE_OBJC_ARC = YES;
				CLANG_WARN_BLOCK_CAPTURE_AUTORELEASING = YES;
				CLANG_WARN_BOOL_CONVERSION = YES;
				CLANG_WARN_COMMA = YES;
				CLANG_WARN_CONSTANT_CONVERSION = YES;
				CLANG_WARN_DEPRECATED_OBJC_IMPLEMENTATIONS = YES;
				CLANG_WARN_DIRECT_OBJC_ISA_USAGE = YES_ERROR;
				CLANG_WARN_DOCUMENTATION_COMMENTS = YES;
				CLANG_WARN_EMPTY_BODY = YES;
				CLANG_WARN_ENUM_CONVERSION = YES;
				CLANG_WARN_INFINITE_RECURSION = YES;
				CLANG_WARN_INT_CONVERSION = YES;
				CLANG_WARN_NON_LITERAL_NULL_CONVERSION = YES;
				CLANG_WARN_OBJC_IMPLICIT_RETAIN_SELF = YES;
				CLANG_WARN_OBJC_LITERAL_CONVERSION = YES;
				CLANG_WARN_OBJC_ROOT_CLASS = YES_ERROR;
				CLANG_WARN_RANGE_LOOP_ANALYSIS = YES;
				CLANG_WARN_STRICT_PROTOTYPES = YES;
				CLANG_WARN_SUSPICIOUS_MOVE = YES;
				CLANG_WARN_UNGUARDED_AVAILABILITY = YES_AGGRESSIVE;
				CLANG_WARN_UNREACHABLE_CODE = YES;
				CLANG_WARN__DUPLICATE_METHOD_MATCH = YES;
				CODE_SIGN_IDENTITY = "iPhone Developer";
				COPY_PHASE_STRIP = NO;
				DEBUG_INFORMATION_FORMAT = "dwarf-with-dsym";
				ENABLE_NS_ASSERTIONS = NO;
				ENABLE_STRICT_OBJC_MSGSEND = YES;
				GCC_C_LANGUAGE_STANDARD = gnu11;
				GCC_NO_COMMON_BLOCKS = YES;
				GCC_WARN_64_TO_32_BIT_CONVERSION = YES;
				GCC_WARN_ABOUT_RETURN_TYPE = YES_ERROR;
				GCC_WARN_UNDECLARED_SELECTOR = YES;
				GCC_WARN_UNINITIALIZED_AUTOS = YES_AGGRESSIVE;
				GCC_WARN_UNUSED_FUNCTION = YES;
				GCC_WARN_UNUSED_VARIABLE = YES;
				IPHONEOS_DEPLOYMENT_TARGET = 11.2;
				MTL_ENABLE_DEBUG_INFO = NO;
				SDKROOT = iphoneos;
				SWIFT_OPTIMIZATION_LEVEL = "-Owholemodule";
				VALIDATE_PRODUCT = YES;
			};
			name = Release;
		};
		2569B3542073996600B70A5E /* Debug */ = {
			isa = XCBuildConfiguration;
			baseConfigurationReference = 2E437FBA6D0C5AB2484528FF /* Pods-LocateMe.debug.xcconfig */;
			buildSettings = {
				ASSETCATALOG_COMPILER_APPICON_NAME = AppIcon;
				CODE_SIGN_STYLE = Automatic;
				DEVELOPMENT_TEAM = 7Q3BACUGPF;
				INFOPLIST_FILE = LocateMe/Info.plist;
				IPHONEOS_DEPLOYMENT_TARGET = 9.0;
				LD_RUNPATH_SEARCH_PATHS = "$(inherited) @executable_path/Frameworks";
				PRODUCT_BUNDLE_IDENTIFIER = ineat.LocateMe;
				PRODUCT_NAME = "$(TARGET_NAME)";
				SWIFT_VERSION = 4.0;
				TARGETED_DEVICE_FAMILY = "1,2";
			};
			name = Debug;
		};
		2569B3552073996600B70A5E /* Release */ = {
			isa = XCBuildConfiguration;
			baseConfigurationReference = 01DF029AD5EA336D5D131AAE /* Pods-LocateMe.release.xcconfig */;
			buildSettings = {
				ASSETCATALOG_COMPILER_APPICON_NAME = AppIcon;
				CODE_SIGN_STYLE = Automatic;
				DEVELOPMENT_TEAM = 7Q3BACUGPF;
				INFOPLIST_FILE = LocateMe/Info.plist;
				IPHONEOS_DEPLOYMENT_TARGET = 9.0;
				LD_RUNPATH_SEARCH_PATHS = "$(inherited) @executable_path/Frameworks";
				PRODUCT_BUNDLE_IDENTIFIER = ineat.LocateMe;
				PRODUCT_NAME = "$(TARGET_NAME)";
				SWIFT_VERSION = 4.0;
				TARGETED_DEVICE_FAMILY = "1,2";
			};
			name = Release;
		};
/* End XCBuildConfiguration section */

/* Begin XCConfigurationList section */
		252D4E5C2075071B00603865 /* Build configuration list for PBXNativeTarget "LocateMeTests" */ = {
			isa = XCConfigurationList;
			buildConfigurations = (
				252D4E5D2075071B00603865 /* Debug */,
				252D4E5E2075071B00603865 /* Release */,
			);
			defaultConfigurationIsVisible = 0;
			defaultConfigurationName = Release;
		};
		2569B33C2073996600B70A5E /* Build configuration list for PBXProject "LocateMe" */ = {
			isa = XCConfigurationList;
			buildConfigurations = (
				2569B3512073996600B70A5E /* Debug */,
				2569B3522073996600B70A5E /* Release */,
			);
			defaultConfigurationIsVisible = 0;
			defaultConfigurationName = Release;
		};
		2569B3532073996600B70A5E /* Build configuration list for PBXNativeTarget "LocateMe" */ = {
			isa = XCConfigurationList;
			buildConfigurations = (
				2569B3542073996600B70A5E /* Debug */,
				2569B3552073996600B70A5E /* Release */,
			);
			defaultConfigurationIsVisible = 0;
			defaultConfigurationName = Release;
		};
/* End XCConfigurationList section */
	};
	rootObject = 2569B3392073996600B70A5E /* Project object */;
}
